
Microsoft Visual Studio Solution File, Format Version 12.00
# Visual Studio 15
VisualStudioVersion = 15.0.28010.2046
MinimumVisualStudioVersion = 10.0.40219.1
Project("{FAE04EC0-301F-11D3-BF4B-00C04F79EFBC}") = "PathFinding", "PathFinding\PathFinding.csproj", "{19A70AE7-1ED4-47E0-9170-31CD7098423E}"
EndProject
Global
	GlobalSection(SolutionConfigurationPlatforms) = preSolution
		Debug|Any CPU = Debug|Any CPU
		Release|Any CPU = Release|Any CPU
	EndGlobalSection
	GlobalSection(ProjectConfigurationPlatforms) = postSolution
		{19A70AE7-1ED4-47E0-9170-31CD7098423E}.Debug|Any CPU.ActiveCfg = Debug|Any CPU
		{19A70AE7-1ED4-47E0-9170-31CD7098423E}.Debug|Any CPU.Build.0 = Debug|Any CPU
		{19A70AE7-1ED4-47E0-9170-31CD7098423E}.Release|Any CPU.ActiveCfg = Release|Any CPU
		{19A70AE7-1ED4-47E0-9170-31CD7098423E}.Release|Any CPU.Build.0 = Release|Any CPU
	EndGlobalSection
	GlobalSection(SolutionProperties) = preSolution
		HideSolutionNode = FALSE
	EndGlobalSection
	GlobalSection(ExtensibilityGlobals) = postSolution
		SolutionGuid = {AC4CE9B7-CC06-4A76-B249-0804B65FA3F7}
	EndGlobalSection
EndGlobal
